Microsoft Visual Studio Solution File, Format Version 12.00
# Visual Studio Version 17
VisualStudioVersion = 17.5.2.0
MinimumVisualStudioVersion = 10.0.40219.1
Project("{FAE04EC0-301F-11D3-BF4B-00C04F79EFBC}") = "TechnicalAssessment", "TechnicalAssessment.csproj", "{16829AF5-9D83-72E5-8B31-7020D68C2F2A}"
EndProject
Global
	GlobalSection(SolutionConfigurationPlatforms) = preSolution
		Debug|Any CPU = Debug|Any CPU
		Release|Any CPU = Release|Any CPU
	EndGlobalSection
	GlobalSection(ProjectConfigurationPlatforms) = postSolution
		{16829AF5-9D83-72E5-8B31-7020D68C2F2A}.Debug|Any CPU.ActiveCfg = Debug|Any CPU
		{16829AF5-9D83-72E5-8B31-7020D68C2F2A}.Debug|Any CPU.Build.0 = Debug|Any CPU
		{16829AF5-9D83-72E5-8B31-7020D68C2F2A}.Release|Any CPU.ActiveCfg = Release|Any CPU
		{16829AF5-9D83-72E5-8B31-7020D68C2F2A}.Release|Any CPU.Build.0 = Release|Any CPU
	EndGlobalSection
	GlobalSection(SolutionProperties) = preSolution
		HideSolutionNode = FALSE
	EndGlobalSection
	GlobalSection(ExtensibilityGlobals) = postSolution
		SolutionGuid = {0901425D-6E2F-4187-9A21-B2D884B03632}
	EndGlobalSection
EndGlobal
